
Microsoft Visual Studio Solution File, Format Version 12.00
# Visual Studio Version 16
VisualStudioVersion = 16.0.28803.202
MinimumVisualStudioVersion = 10.0.40219.1
Project("{9A19103F-16F7-4668-BE54-9A1E7A4F7556}") = "RaftCore", "RaftCore\RaftCore.csproj", "{D4A09ACF-997D-4188-BA91-03621E30FA6B}"
EndProject
Project("{9A19103F-16F7-4668-BE54-9A1E7A4F7556}") = "RaftCoreTest", "RaftCoreTest\RaftCoreTest.csproj", "{DF50AC8E-876B-43CD-8895-9C9688E7BD05}"
EndProject
Project("{9A19103F-16F7-4668-BE54-9A1E7A4F7556}") = "NodeConsole", "NodeConsole\NodeConsole.csproj", "{49128E5D-10E3-4DBA-BC5A-DD4A241A6271}"
EndProject
Project("{9A19103F-16F7-4668-BE54-9A1E7A4F7556}") = "ClientConsole", "ClientConsole\ClientConsole.csproj", "{9D2CBC04-05D5-488D-BAD5-8A6F77DE0E83}"
EndProject
Project("{FAE04EC0-301F-11D3-BF4B-00C04F79EFBC}") = "Common", "Common\Common.csproj", "{90A4EC56-01B7-4BC9-866B-D63885415AB5}"
EndProject
Global
	GlobalSection(SolutionConfigurationPlatforms) = preSolution
		Debug|Any CPU = Debug|Any CPU
		Release|Any CPU = Release|Any CPU
	EndGlobalSection
	GlobalSection(ProjectConfigurationPlatforms) = postSolution
		{D4A09ACF-997D-4188-BA91-03621E30FA6B}.Debug|Any CPU.ActiveCfg = Debug|Any CPU
		{D4A09ACF-997D-4188-BA91-03621E30FA6B}.Debug|Any CPU.Build.0 = Debug|Any CPU
		{D4A09ACF-997D-4188-BA91-03621E30FA6B}.Release|Any CPU.ActiveCfg = Release|Any CPU
		{D4A09ACF-997D-4188-BA91-03621E30FA6B}.Release|Any CPU.Build.0 = Release|Any CPU
		{DF50AC8E-876B-43CD-8895-9C9688E7BD05}.Debug|Any CPU.ActiveCfg = Debug|Any CPU
		{DF50AC8E-876B-43CD-8895-9C9688E7BD05}.Debug|Any CPU.Build.0 = Debug|Any CPU
		{DF50AC8E-876B-43CD-8895-9C9688E7BD05}.Release|Any CPU.ActiveCfg = Release|Any CPU
		{DF50AC8E-876B-43CD-8895-9C9688E7BD05}.Release|Any CPU.Build.0 = Release|Any CPU
		{49128E5D-10E3-4DBA-BC5A-DD4A241A6271}.Debug|Any CPU.ActiveCfg = Debug|Any CPU
		{49128E5D-10E3-4DBA-BC5A-DD4A241A6271}.Debug|Any CPU.Build.0 = Debug|Any CPU
		{49128E5D-10E3-4DBA-BC5A-DD4A241A6271}.Release|Any CPU.ActiveCfg = Release|Any CPU
		{49128E5D-10E3-4DBA-BC5A-DD4A241A6271}.Release|Any CPU.Build.0 = Release|Any CPU
		{9D2CBC04-05D5-488D-BAD5-8A6F77DE0E83}.Debug|Any CPU.ActiveCfg = Debug|Any CPU
		{9D2CBC04-05D5-488D-BAD5-8A6F77DE0E83}.Debug|Any CPU.Build.0 = Debug|Any CPU
		{9D2CBC04-05D5-488D-BAD5-8A6F77DE0E83}.Release|Any CPU.ActiveCfg = Release|Any CPU
		{9D2CBC04-05D5-488D-BAD5-8A6F77DE0E83}.Release|Any CPU.Build.0 = Release|Any CPU
		{90A4EC56-01B7-4BC9-866B-D63885415AB5}.Debug|Any CPU.ActiveCfg = Debug|Any CPU
		{90A4EC56-01B7-4BC9-866B-D63885415AB5}.Debug|Any CPU.Build.0 = Debug|Any CPU
		{90A4EC56-01B7-4BC9-866B-D63885415AB5}.Release|Any CPU.ActiveCfg = Release|Any CPU
		{90A4EC56-01B7-4BC9-866B-D63885415AB5}.Release|Any CPU.Build.0 = Release|Any CPU
	EndGlobalSection
	GlobalSection(SolutionProperties) = preSolution
		HideSolutionNode = FALSE
	EndGlobalSection
	GlobalSection(ExtensibilityGlobals) = postSolution
		SolutionGuid = {F6281DAD-910C-42B2-83F3-238F14D6626B}
	EndGlobalSection
EndGlobal
